
Microsoft Visual Studio Solution File, Format Version 12.00
# Visual Studio 15
VisualStudioVersion = 15.0.27130.2010
MinimumVisualStudioVersion = 10.0.40219.1
Project("{9A19103F-16F7-4668-BE54-9A1E7A4F7556}") = "ApiGateway", "ApiGateway\ApiGateway.csproj", "{8400B59E-9B9E-403F-82C9-7ED99E3419A4}"
EndProject
Project("{9A19103F-16F7-4668-BE54-9A1E7A4F7556}") = "LibraryCatalog", "LibraryCatalog\LibraryCatalog.csproj", "{5F5529AE-0A33-4FB7-80AF-AA922140C8D7}"
EndProject
Project("{9A19103F-16F7-4668-BE54-9A1E7A4F7556}") = "BookRequest", "BookRequest\BookRequest.csproj", "{EA063200-988C-4C89-85BB-40A982F2F556}"
EndProject
Project("{9A19103F-16F7-4668-BE54-9A1E7A4F7556}") = "Platform", "Platform\Platform.csproj", "{932A9586-1D3C-4AD6-AC6F-21CB4DA4B248}"
EndProject
Project("{9A19103F-16F7-4668-BE54-9A1E7A4F7556}") = "Logging", "Logging\Logging.csproj", "{9E9283F8-A118-4C69-81F6-08E102D89E46}"
EndProject
Project("{9A19103F-16F7-4668-BE54-9A1E7A4F7556}") = "Auth", "Auth\Auth.csproj", "{CD0149B2-F43D-453D-A183-4BEA8B4A07C6}"
EndProject
Project("{2150E333-8FDC-42A3-9474-1A3956D46DE8}") = "Infrastructure", "Infrastructure", "{453E9281-941E-42D5-995E-2035B02521A1}"
EndProject
Global
	GlobalSection(SolutionConfigurationPlatforms) = preSolution
		Debug|Any CPU = Debug|Any CPU
		Release|Any CPU = Release|Any CPU
	EndGlobalSection
	GlobalSection(ProjectConfigurationPlatforms) = postSolution
		{8400B59E-9B9E-403F-82C9-7ED99E3419A4}.Debug|Any CPU.ActiveCfg = Debug|Any CPU
		{8400B59E-9B9E-403F-82C9-7ED99E3419A4}.Debug|Any CPU.Build.0 = Debug|Any CPU
		{8400B59E-9B9E-403F-82C9-7ED99E3419A4}.Release|Any CPU.ActiveCfg = Release|Any CPU
		{8400B59E-9B9E-403F-82C9-7ED99E3419A4}.Release|Any CPU.Build.0 = Release|Any CPU
		{5F5529AE-0A33-4FB7-80AF-AA922140C8D7}.Debug|Any CPU.ActiveCfg = Debug|Any CPU
		{5F5529AE-0A33-4FB7-80AF-AA922140C8D7}.Debug|Any CPU.Build.0 = Debug|Any CPU
		{5F5529AE-0A33-4FB7-80AF-AA922140C8D7}.Release|Any CPU.ActiveCfg = Release|Any CPU
		{5F5529AE-0A33-4FB7-80AF-AA922140C8D7}.Release|Any CPU.Build.0 = Release|Any CPU
		{EA063200-988C-4C89-85BB-40A982F2F556}.Debug|Any CPU.ActiveCfg = Debug|Any CPU
		{EA063200-988C-4C89-85BB-40A982F2F556}.Debug|Any CPU.Build.0 = Debug|Any CPU
		{EA063200-988C-4C89-85BB-40A982F2F556}.Release|Any CPU.ActiveCfg = Release|Any CPU
		{EA063200-988C-4C89-85BB-40A982F2F556}.Release|Any CPU.Build.0 = Release|Any CPU
		{932A9586-1D3C-4AD6-AC6F-21CB4DA4B248}.Debug|Any CPU.ActiveCfg = Debug|Any CPU
		{932A9586-1D3C-4AD6-AC6F-21CB4DA4B248}.Debug|Any CPU.Build.0 = Debug|Any CPU
		{932A9586-1D3C-4AD6-AC6F-21CB4DA4B248}.Release|Any CPU.ActiveCfg = Release|Any CPU
		{932A9586-1D3C-4AD6-AC6F-21CB4DA4B248}.Release|Any CPU.Build.0 = Release|Any CPU
		{9E9283F8-A118-4C69-81F6-08E102D89E46}.Debug|Any CPU.ActiveCfg = Debug|Any CPU
		{9E9283F8-A118-4C69-81F6-08E102D89E46}.Debug|Any CPU.Build.0 = Debug|Any CPU
		{9E9283F8-A118-4C69-81F6-08E102D89E46}.Release|Any CPU.ActiveCfg = Release|Any CPU
		{9E9283F8-A118-4C69-81F6-08E102D89E46}.Release|Any CPU.Build.0 = Release|Any CPU
		{CD0149B2-F43D-453D-A183-4BEA8B4A07C6}.Debug|Any CPU.ActiveCfg = Debug|Any CPU
		{CD0149B2-F43D-453D-A183-4BEA8B4A07C6}.Debug|Any CPU.Build.0 = Debug|Any CPU
		{CD0149B2-F43D-453D-A183-4BEA8B4A07C6}.Release|Any CPU.ActiveCfg = Release|Any CPU
		{CD0149B2-F43D-453D-A183-4BEA8B4A07C6}.Release|Any CPU.Build.0 = Release|Any CPU
	EndGlobalSection
	GlobalSection(SolutionProperties) = preSolution
		HideSolutionNode = FALSE
	EndGlobalSection
	GlobalSection(NestedProjects) = preSolution
		{932A9586-1D3C-4AD6-AC6F-21CB4DA4B248} = {453E9281-941E-42D5-995E-2035B02521A1}
		{9E9283F8-A118-4C69-81F6-08E102D89E46} = {453E9281-941E-42D5-995E-2035B02521A1}
		{CD0149B2-F43D-453D-A183-4BEA8B4A07C6} = {453E9281-941E-42D5-995E-2035B02521A1}
	EndGlobalSection
	GlobalSection(ExtensibilityGlobals) = postSolution
		SolutionGuid = {192F4011-7046-4E7A-ADB5-29D3CAE7EE25}
	EndGlobalSection
EndGlobal
